// !$*UTF8*$!
{
	archiveVersion = 1;
	classes = {
	};
	objectVersion = 48;
	objects = {

/* Begin PBXBuildFile section */
		A757F0041FCA2CD000240CC9 /* AppDelegate.swift in Sources */ = {isa = PBXBuildFile; fileRef = A757F0031FCA2CD000240CC9 /* AppDelegate.swift */; };
		A757F00C1FCA2CD000240CC9 /* UberEATS.xcdatamodeld in Sources */ = {isa = PBXBuildFile; fileRef = A757F00A1FCA2CD000240CC9 /* UberEATS.xcdatamodeld */; };
		A757F0111FCA2CD000240CC9 /* LaunchScreen.storyboard in Resources */ = {isa = PBXBuildFile; fileRef = A757F00F1FCA2CD000240CC9 /* LaunchScreen.storyboard */; };
		A757F01C1FCA2CD000240CC9 /* UberEATSTests.swift in Sources */ = {isa = PBXBuildFile; fileRef = A757F01B1FCA2CD000240CC9 /* UberEATSTests.swift */; };
		A757F0271FCA2CD000240CC9 /* UberEATSUITests.swift in Sources */ = {isa = PBXBuildFile; fileRef = A757F0261FCA2CD000240CC9 /* UberEATSUITests.swift */; };
		A757F0361FCA2D8500240CC9 /* TabBarController.swift in Sources */ = {isa = PBXBuildFile; fileRef = A757F0351FCA2D8500240CC9 /* TabBarController.swift */; };
		A757F0381FCA2DFC00240CC9 /* HomeViewController.swift in Sources */ = {isa = PBXBuildFile; fileRef = A757F0371FCA2DFC00240CC9 /* HomeViewController.swift */; };
		A757F03A1FCA2E3100240CC9 /* SearchViewController.swift in Sources */ = {isa = PBXBuildFile; fileRef = A757F0391FCA2E3100240CC9 /* SearchViewController.swift */; };
		A757F03C1FCA2E5C00240CC9 /* UserViewController.swift in Sources */ = {isa = PBXBuildFile; fileRef = A757F03B1FCA2E5C00240CC9 /* UserViewController.swift */; };
		A757F03E1FCA2ECE00240CC9 /* OrderViewController.swift in Sources */ = {isa = PBXBuildFile; fileRef = A757F03D1FCA2ECE00240CC9 /* OrderViewController.swift */; };
		A757F0461FCA318300240CC9 /* HomeViewCell.swift in Sources */ = {isa = PBXBuildFile; fileRef = A757F0451FCA318300240CC9 /* HomeViewCell.swift */; };
		A757F04A1FCA346C00240CC9 /* HorizontalViewCell.swift in Sources */ = {isa = PBXBuildFile; fileRef = A757F0491FCA346C00240CC9 /* HorizontalViewCell.swift */; };
		A757F04E1FCA504E00240CC9 /* FilterViewController.swift in Sources */ = {isa = PBXBuildFile; fileRef = A757F04D1FCA504E00240CC9 /* FilterViewController.swift */; };
		A757F0501FCCE72600240CC9 /* FilterViewMenu.swift in Sources */ = {isa = PBXBuildFile; fileRef = A757F04F1FCCE72600240CC9 /* FilterViewMenu.swift */; };
		A757F0521FCCE74500240CC9 /* FilterViewMenuDelegate.swift in Sources */ = {isa = PBXBuildFile; fileRef = A757F0511FCCE74500240CC9 /* FilterViewMenuDelegate.swift */; };
		A757F05C1FD1141000240CC9 /* FilterViewCell1.swift in Sources */ = {isa = PBXBuildFile; fileRef = A757F05B1FD1141000240CC9 /* FilterViewCell1.swift */; };
		C0BD8DA3626B16EA81CD4774 /* Pods_UberEATS.framework in Frameworks */ = {isa = PBXBuildFile; fileRef = B6F37C18C7EF57F3875C6D27 /* Pods_UberEATS.framework */; };
		C127D3AC210D577F00DBC43C /* SectionTitleIndexController.swift in Sources */ = {isa = PBXBuildFile; fileRef = C127D3AB210D577F00DBC43C /* SectionTitleIndexController.swift */; };
		C1283942210F4DD7008545F7 /* SZButton.swift in Sources */ = {isa = PBXBuildFile; fileRef = C1283941210F4DD6008545F7 /* SZButton.swift */; };
		C1283944210F5544008545F7 /* InfoTableViewCell.swift in Sources */ = {isa = PBXBuildFile; fileRef = C1283943210F5544008545F7 /* InfoTableViewCell.swift */; };
		C1283946210F5B5A008545F7 /* InfoTableViewHeader.swift in Sources */ = {isa = PBXBuildFile; fileRef = C1283945210F5B5A008545F7 /* InfoTableViewHeader.swift */; };
		C1283948210F5FED008545F7 /* InfoMapView.swift in Sources */ = {isa = PBXBuildFile; fileRef = C1283947210F5FED008545F7 /* InfoMapView.swift */; };
		C128394A210F6045008545F7 /* InfoTableView.swift in Sources */ = {isa = PBXBuildFile; fileRef = C1283949210F6045008545F7 /* InfoTableView.swift */; };
		C128394C210FA1E1008545F7 /* manifest.plist in Resources */ = {isa = PBXBuildFile; fileRef = C128394B210FA1E1008545F7 /* manifest.plist */; };
		C128394E210FBCB7008545F7 /* SlideAnimator.swift in Sources */ = {isa = PBXBuildFile; fileRef = C128394D210FBCB7008545F7 /* SlideAnimator.swift */; };
		C12839512110FCCA008545F7 /* SZAnimatedTransition.swift in Sources */ = {isa = PBXBuildFile; fileRef = C12839502110FCCA008545F7 /* SZAnimatedTransition.swift */; };
		C12839532111EE75008545F7 /* SZInteractor.swift in Sources */ = {isa = PBXBuildFile; fileRef = C12839522111EE75008545F7 /* SZInteractor.swift */; };
		C12839B72113D2AE008545F7 /* InfoAnimatedTransition.swift in Sources */ = {isa = PBXBuildFile; fileRef = C12839B62113D2AE008545F7 /* InfoAnimatedTransition.swift */; };
		C12839B92113FFDE008545F7 /* Interactor.swift in Sources */ = {isa = PBXBuildFile; fileRef = C12839B82113FFDE008545F7 /* Interactor.swift */; };
		C12839BB2114013A008545F7 /* DismissAnimator.swift in Sources */ = {isa = PBXBuildFile; fileRef = C12839BA2114013A008545F7 /* DismissAnimator.swift */; };
		C12839BD21140DF1008545F7 /* PresentAnimator.swift in Sources */ = {isa = PBXBuildFile; fileRef = C12839BC21140DF1008545F7 /* PresentAnimator.swift */; };
		C12839C121150D41008545F7 /* CartViewController.swift in Sources */ = {isa = PBXBuildFile; fileRef = C12839C021150D41008545F7 /* CartViewController.swift */; };
		C12839C321150EDE008545F7 /* MealViewController.swift in Sources */ = {isa = PBXBuildFile; fileRef = C12839C221150EDE008545F7 /* MealViewController.swift */; };
		C12839C52117EB06008545F7 /* Assets.xcassets in Resources */ = {isa = PBXBuildFile; fileRef = C12839C42117EB06008545F7 /* Assets.xcassets */; };
		C12839C72118BC93008545F7 /* MealItemTitleCell.swift in Sources */ = {isa = PBXBuildFile; fileRef = C12839C62118BC93008545F7 /* MealItemTitleCell.swift */; };
		C12839C92118BCBA008545F7 /* MealItemQuantityCell.swift in Sources */ = {isa = PBXBuildFile; fileRef = C12839C82118BCBA008545F7 /* MealItemQuantityCell.swift */; };
		C12839CB2118BCE3008545F7 /* MealItemTableHeaderView.swift in Sources */ = {isa = PBXBuildFile; fileRef = C12839CA2118BCE3008545F7 /* MealItemTableHeaderView.swift */; };
		C12839CD2118BD0C008545F7 /* MealItemTableViewCell.swift in Sources */ = {isa = PBXBuildFile; fileRef = C12839CC2118BD0C008545F7 /* MealItemTableViewCell.swift */; };
		C13B5C24212AFDA300E9C7D1 /* OnboardingDelegate.swift in Sources */ = {isa = PBXBuildFile; fileRef = C13B5C23212AFDA300E9C7D1 /* OnboardingDelegate.swift */; };
		C186A3E32122019F000628C9 /* UIImageView+load.swift in Sources */ = {isa = PBXBuildFile; fileRef = C186A3E22122019F000628C9 /* UIImageView+load.swift */; };
		C186A3E5212201E5000628C9 /* UIView+anchor.swift in Sources */ = {isa = PBXBuildFile; fileRef = C186A3E4212201E5000628C9 /* UIView+anchor.swift */; };
		C186A3E721220CFE000628C9 /* APIClient.swift in Sources */ = {isa = PBXBuildFile; fileRef = C186A3E621220CFE000628C9 /* APIClient.swift */; };
		C186A3E921220D23000628C9 /* APIRouter.swift in Sources */ = {isa = PBXBuildFile; fileRef = C186A3E821220D23000628C9 /* APIRouter.swift */; };
		C186A3EB21220D48000628C9 /* User.swift in Sources */ = {isa = PBXBuildFile; fileRef = C186A3EA21220D48000628C9 /* User.swift */; };
		C186A3ED21220F9C000628C9 /* constants.swift in Sources */ = {isa = PBXBuildFile; fileRef = C186A3EC21220F9C000628C9 /* constants.swift */; };
		C19B1429214A178B00B2DAE6 /* SearchCategoryCell.swift in Sources */ = {isa = PBXBuildFile; fileRef = C19B1428214A178B00B2DAE6 /* SearchCategoryCell.swift */; };
		C19B142B214C885100B2DAE6 /* SearchViewFlowLayout.swift in Sources */ = {isa = PBXBuildFile; fileRef = C19B142A214C885100B2DAE6 /* SearchViewFlowLayout.swift */; };
		C1BB07CC210A06450004EDE0 /* DetailViewController.swift in Sources */ = {isa = PBXBuildFile; fileRef = C1BB07CB210A06450004EDE0 /* DetailViewController.swift */; };
		C1BB07CE210BC5BD0004EDE0 /* HeaderView.swift in Sources */ = {isa = PBXBuildFile; fileRef = C1BB07CD210BC5BD0004EDE0 /* HeaderView.swift */; };
		C1DC8D1D21291DF80080ACAF /* OnboardingViewController.swift in Sources */ = {isa = PBXBuildFile; fileRef = C1DC8D1C21291DF80080ACAF /* OnboardingViewController.swift */; };
		C1DF4B5F2123BA9D00CAC0C1 /* HorizontalViewCellCell.swift in Sources */ = {isa = PBXBuildFile; fileRef = C1DF4B5E2123BA9D00CAC0C1 /* HorizontalViewCellCell.swift */; };
		C1DF4B612124591700CAC0C1 /* UICollectionViewFlowLayout+snap.swift in Sources */ = {isa = PBXBuildFile; fileRef = C1DF4B602124591700CAC0C1 /* UICollectionViewFlowLayout+snap.swift */; };
		C1DF4B6321250C1800CAC0C1 /* PresentAnimator2.swift in Sources */ = {isa = PBXBuildFile; fileRef = C1DF4B6221250C1800CAC0C1 /* PresentAnimator2.swift */; };
		C1DF4B652125110100CAC0C1 /* DismissAnimator2.swift in Sources */ = {isa = PBXBuildFile; fileRef = C1DF4B642125110100CAC0C1 /* DismissAnimator2.swift */; };
		C1DF4B672125BD4E00CAC0C1 /* FilterViewDelegate.swift in Sources */ = {isa = PBXBuildFile; fileRef = C1DF4B662125BD4E00CAC0C1 /* FilterViewDelegate.swift */; };
		C1DF4B692125DE6000CAC0C1 /* FilterDollarButton.swift in Sources */ = {isa = PBXBuildFile; fileRef = C1DF4B682125DE6000CAC0C1 /* FilterDollarButton.swift */; };
		C1E82268210CB8770078525C /* DetailCollectionViewCell.swift in Sources */ = {isa = PBXBuildFile; fileRef = C1E82267210CB8770078525C /* DetailCollectionViewCell.swift */; };
		C1E8226A210CB89C0078525C /* DetailHeaderCollectionViewCell.swift in Sources */ = {isa = PBXBuildFile; fileRef = C1E82269210CB89C0078525C /* DetailHeaderCollectionViewCell.swift */; };
		C1E8226C210CBC0A0078525C /* InfoViewController.swift in Sources */ = {isa = PBXBuildFile; fileRef = C1E8226B210CBC0A0078525C /* InfoViewController.swift */; };
		C1E8226E210CBE1B0078525C /* InfoCollectionViewCell.swift in Sources */ = {isa = PBXBuildFile; fileRef = C1E8226D210CBE1B0078525C /* InfoCollectionViewCell.swift */; };
		C1E82270210CDE300078525C /* MenuCollectionViewCell.swift in Sources */ = {isa = PBXBuildFile; fileRef = C1E8226F210CDE300078525C /* MenuCollectionViewCell.swift */; };
		C1E82272210D05270078525C /* Meal.swift in Sources */ = {isa = PBXBuildFile; fileRef = C1E82271210D05270078525C /* Meal.swift */; };
		C1E82274210D33300078525C /* SectionHeaderView.swift in Sources */ = {isa = PBXBuildFile; fileRef = C1E82273210D33300078525C /* SectionHeaderView.swift */; };
		C1E82276210D3CF30078525C /* SectionTitleIndexView.swift in Sources */ = {isa = PBXBuildFile; fileRef = C1E82275210D3CF30078525C /* SectionTitleIndexView.swift */; };
		C1EBB0CB21065947007B68B2 /* FilterViewCell2.swift in Sources */ = {isa = PBXBuildFile; fileRef = C1EBB0CA21065947007B68B2 /* FilterViewCell2.swift */; };
		C1EBB0CD21065B93007B68B2 /* FilterViewCell3.swift in Sources */ = {isa = PBXBuildFile; fileRef = C1EBB0CC21065B93007B68B2 /* FilterViewCell3.swift */; };
		C1EBB0D121074BB0007B68B2 /* LocationViewController.swift in Sources */ = {isa = PBXBuildFile; fileRef = C1EBB0D021074BB0007B68B2 /* LocationViewController.swift */; };
		C1EBB0D32107AC75007B68B2 /* NewAddressCollectionViewCell.swift in Sources */ = {isa = PBXBuildFile; fileRef = C1EBB0D22107AC75007B68B2 /* NewAddressCollectionViewCell.swift */; };
		C1EBB0D52107ACAA007B68B2 /* AddressCollectionViewCell.swift in Sources */ = {isa = PBXBuildFile; fileRef = C1EBB0D42107ACAA007B68B2 /* AddressCollectionViewCell.swift */; };
		C1EBB0D72107ACD1007B68B2 /* WhenCollectionViewCell.swift in Sources */ = {isa = PBXBuildFile; fileRef = C1EBB0D62107ACD1007B68B2 /* WhenCollectionViewCell.swift */; };
		C1EBB0DD2108BF65007B68B2 /* NavAddressDelegate.swift in Sources */ = {isa = PBXBuildFile; fileRef = C1EBB0DC2108BF65007B68B2 /* NavAddressDelegate.swift */; };
		C1EBB0E12108CC74007B68B2 /* DataController.swift in Sources */ = {isa = PBXBuildFile; fileRef = C1EBB0E02108CC74007B68B2 /* DataController.swift */; };
		C1EBB0E62108D5C9007B68B2 /* Business.swift in Sources */ = {isa = PBXBuildFile; fileRef = C1EBB0E52108D5C9007B68B2 /* Business.swift */; };
		C1EBB0E82108D679007B68B2 /* biz.json in Resources */ = {isa = PBXBuildFile; fileRef = C1EBB0E72108D679007B68B2 /* biz.json */; };
		C1EBB0EA2108D6D2007B68B2 /* bizDetail.json in Resources */ = {isa = PBXBuildFile; fileRef = C1EBB0E92108D6D2007B68B2 /* bizDetail.json */; };
		EE32A0092142D41F0003D3F5 /* config.swift in Sources */ = {isa = PBXBuildFile; fileRef = EE32A0082142D41F0003D3F5 /* config.swift */; };
/* End PBXBuildFile section */

/* Begin PBXContainerItemProxy section */
		A757F0181FCA2CD000240CC9 /* PBXContainerItemProxy */ = {
			isa = PBXContainerItemProxy;
			containerPortal = A757EFF81FCA2CD000240CC9 /* Project object */;
			proxyType = 1;
			remoteGlobalIDString = A757EFFF1FCA2CD000240CC9;
			remoteInfo = UberEATS;
		};
		A757F0231FCA2CD000240CC9 /* PBXContainerItemProxy */ = {
			isa = PBXContainerItemProxy;
			containerPortal = A757EFF81FCA2CD000240CC9 /* Project object */;
			proxyType = 1;
			remoteGlobalIDString = A757EFFF1FCA2CD000240CC9;
			remoteInfo = UberEATS;
		};
/* End PBXContainerItemProxy section */

/* Begin PBXFileReference section */
		402756323808598191D41C43 /* Pods-UberEATS.release.xcconfig */ = {isa = PBXFileReference; includeInIndex = 1; lastKnownFileType = text.xcconfig; name = "Pods-UberEATS.release.xcconfig"; path = "Pods/Target Support Files/Pods-UberEATS/Pods-UberEATS.release.xcconfig"; sourceTree = "<group>"; };
		A757F0001FCA2CD000240CC9 /* UberEATS.app */ = {isa = PBXFileReference; explicitFileType = wrapper.application; includeInIndex = 0; path = UberEATS.app; sourceTree = BUILT_PRODUCTS_DIR; };
		A757F0031FCA2CD000240CC9 /* AppDelegate.swift */ = {isa = PBXFileReference; lastKnownFileType = sourcecode.swift; path = AppDelegate.swift; sourceTree = "<group>"; };
		A757F00B1FCA2CD000240CC9 /* UberEATS.xcdatamodel */ = {isa = PBXFileReference; lastKnownFileType = wrapper.xcdatamodel; path = UberEATS.xcdatamodel; sourceTree = "<group>"; };
		A757F0101FCA2CD000240CC9 /* Base */ = {isa = PBXFileReference; lastKnownFileType = file.storyboard; name = Base; path = Base.lproj/LaunchScreen.storyboard; sourceTree = "<group>"; };
		A757F0121FCA2CD000240CC9 /* Info.plist */ = {isa = PBXFileReference; lastKnownFileType = text.plist.xml; path = Info.plist; sourceTree = "<group>"; };
		A757F0171FCA2CD000240CC9 /* UberEATSTests.xctest */ = {isa = PBXFileReference; explicitFileType = wrapper.cfbundle; includeInIndex = 0; path = UberEATSTests.xctest; sourceTree = BUILT_PRODUCTS_DIR; };
		A757F01B1FCA2CD000240CC9 /* UberEATSTests.swift */ = {isa = PBXFileReference; lastKnownFileType = sourcecode.swift; path = UberEATSTests.swift; sourceTree = "<group>"; };
		A757F01D1FCA2CD000240CC9 /* Info.plist */ = {isa = PBXFileReference; lastKnownFileType = text.plist.xml; path = Info.plist; sourceTree = "<group>"; };
		A757F0221FCA2CD000240CC9 /* UberEATSUITests.xctest */ = {isa = PBXFileReference; explicitFileType = wrapper.cfbundle; includeInIndex = 0; path = UberEATSUITests.xctest; sourceTree = BUILT_PRODUCTS_DIR; };
		A757F0261FCA2CD000240CC9 /* UberEATSUITests.swift */ = {isa = PBXFileReference; lastKnownFileType = sourcecode.swift; path = UberEATSUITests.swift; sourceTree = "<group>"; };
		A757F0281FCA2CD000240CC9 /* Info.plist */ = {isa = PBXFileReference; lastKnownFileType = text.plist.xml; path = Info.plist; sourceTree = "<group>"; };
		A757F0351FCA2D8500240CC9 /* TabBarController.swift */ = {isa = PBXFileReference; lastKnownFileType = sourcecode.swift; path = TabBarController.swift; sourceTree = "<group>"; };
		A757F0371FCA2DFC00240CC9 /* HomeViewController.swift */ = {isa = PBXFileReference; lastKnownFileType = sourcecode.swift; path = HomeViewController.swift; sourceTree = "<group>"; };
		A757F0391FCA2E3100240CC9 /* SearchViewController.swift */ = {isa = PBXFileReference; lastKnownFileType = sourcecode.swift; path = SearchViewController.swift; sourceTree = "<group>"; };
		A757F03B1FCA2E5C00240CC9 /* UserViewController.swift */ = {isa = PBXFileReference; lastKnownFileType = sourcecode.swift; path = UserViewController.swift; sourceTree = "<group>"; };
		A757F03D1FCA2ECE00240CC9 /* OrderViewController.swift */ = {isa = PBXFileReference; lastKnownFileType = sourcecode.swift; path = OrderViewController.swift; sourceTree = "<group>"; };
		A757F0451FCA318300240CC9 /* HomeViewCell.swift */ = {isa = PBXFileReference; lastKnownFileType = sourcecode.swift; path = HomeViewCell.swift; sourceTree = "<group>"; };
		A757F0491FCA346C00240CC9 /* HorizontalViewCell.swift */ = {isa = PBXFileReference; lastKnownFileType = sourcecode.swift; path = HorizontalViewCell.swift; sourceTree = "<group>"; };
		A757F04D1FCA504E00240CC9 /* FilterViewController.swift */ = {isa = PBXFileReference; lastKnownFileType = sourcecode.swift; path = FilterViewController.swift; sourceTree = "<group>"; };
		A757F04F1FCCE72600240CC9 /* FilterViewMenu.swift */ = {isa = PBXFileReference; lastKnownFileType = sourcecode.swift; path = FilterViewMenu.swift; sourceTree = "<group>"; };
		A757F0511FCCE74500240CC9 /* FilterViewMenuDelegate.swift */ = {isa = PBXFileReference; lastKnownFileType = sourcecode.swift; path = FilterViewMenuDelegate.swift; sourceTree = "<group>"; };
		A757F05B1FD1141000240CC9 /* FilterViewCell1.swift */ = {isa = PBXFileReference; lastKnownFileType = sourcecode.swift; path = FilterViewCell1.swift; sourceTree = "<group>"; };
		B6F37C18C7EF57F3875C6D27 /* Pods_UberEATS.framework */ = {isa = PBXFileReference; explicitFileType = wrapper.framework; includeInIndex = 0; path = Pods_UberEATS.framework; sourceTree = BUILT_PRODUCTS_DIR; };
		C127D3AB210D577F00DBC43C /* SectionTitleIndexController.swift */ = {isa = PBXFileReference; fileEncoding = 4; lastKnownFileType = sourcecode.swift; path = SectionTitleIndexController.swift; sourceTree = "<group>"; };
		C1283941210F4DD6008545F7 /* SZButton.swift */ = {isa = PBXFileReference; lastKnownFileType = sourcecode.swift; path = SZButton.swift; sourceTree = "<group>"; };
		C1283943210F5544008545F7 /* InfoTableViewCell.swift */ = {isa = PBXFileReference; lastKnownFileType = sourcecode.swift; path = InfoTableViewCell.swift; sourceTree = "<group>"; };
		C1283945210F5B5A008545F7 /* InfoTableViewHeader.swift */ = {isa = PBXFileReference; lastKnownFileType = sourcecode.swift; path = InfoTableViewHeader.swift; sourceTree = "<group>"; };
		C1283947210F5FED008545F7 /* InfoMapView.swift */ = {isa = PBXFileReference; lastKnownFileType = sourcecode.swift; path = InfoMapView.swift; sourceTree = "<group>"; };
		C1283949210F6045008545F7 /* InfoTableView.swift */ = {isa = PBXFileReference; lastKnownFileType = sourcecode.swift; path = InfoTableView.swift; sourceTree = "<group>"; };
		C128394B210FA1E1008545F7 /* manifest.plist */ = {isa = PBXFileReference; lastKnownFileType = text.plist.xml; path = manifest.plist; sourceTree = "<group>"; };
		C128394D210FBCB7008545F7 /* SlideAnimator.swift */ = {isa = PBXFileReference; lastKnownFileType = sourcecode.swift; path = SlideAnimator.swift; sourceTree = "<group>"; };
		C12839502110FCCA008545F7 /* SZAnimatedTransition.swift */ = {isa = PBXFileReference; lastKnownFileType = sourcecode.swift; path = SZAnimatedTransition.swift; sourceTree = "<group>"; };
		C12839522111EE75008545F7 /* SZInteractor.swift */ = {isa = PBXFileReference; lastKnownFileType = sourcecode.swift; path = SZInteractor.swift; sourceTree = "<group>"; };
		C12839B62113D2AE008545F7 /* InfoAnimatedTransition.swift */ = {isa = PBXFileReference; lastKnownFileType = sourcecode.swift; path = InfoAnimatedTransition.swift; sourceTree = "<group>"; };
		C12839B82113FFDE008545F7 /* Interactor.swift */ = {isa = PBXFileReference; lastKnownFileType = sourcecode.swift; path = Interactor.swift; sourceTree = "<group>"; };
		C12839BA2114013A008545F7 /* DismissAnimator.swift */ = {isa = PBXFileReference; lastKnownFileType = sourcecode.swift; path = DismissAnimator.swift; sourceTree = "<group>"; };
		C12839BC21140DF1008545F7 /* PresentAnimator.swift */ = {isa = PBXFileReference; lastKnownFileType = sourcecode.swift; path = PresentAnimator.swift; sourceTree = "<group>"; };
		C12839C021150D41008545F7 /* CartViewController.swift */ = {isa = PBXFileReference; lastKnownFileType = sourcecode.swift; path = CartViewController.swift; sourceTree = "<group>"; };
		C12839C221150EDE008545F7 /* MealViewController.swift */ = {isa = PBXFileReference; lastKnownFileType = sourcecode.swift; path = MealViewController.swift; sourceTree = "<group>"; };
		C12839C42117EB06008545F7 /* Assets.xcassets */ = {isa = PBXFileReference; lastKnownFileType = folder.assetcatalog; path = Assets.xcassets; sourceTree = "<group>"; };
		C12839C62118BC93008545F7 /* MealItemTitleCell.swift */ = {isa = PBXFileReference; lastKnownFileType = sourcecode.swift; path = MealItemTitleCell.swift; sourceTree = "<group>"; };
		C12839C82118BCBA008545F7 /* MealItemQuantityCell.swift */ = {isa = PBXFileReference; lastKnownFileType = sourcecode.swift; path = MealItemQuantityCell.swift; sourceTree = "<group>"; };
		C12839CA2118BCE3008545F7 /* MealItemTableHeaderView.swift */ = {isa = PBXFileReference; lastKnownFileType = sourcecode.swift; path = MealItemTableHeaderView.swift; sourceTree = "<group>"; };
		C12839CC2118BD0C008545F7 /* MealItemTableViewCell.swift */ = {isa = PBXFileReference; lastKnownFileType = sourcecode.swift; path = MealItemTableViewCell.swift; sourceTree = "<group>"; };
		C13B5C23212AFDA300E9C7D1 /* OnboardingDelegate.swift */ = {isa = PBXFileReference; lastKnownFileType = sourcecode.swift; path = OnboardingDelegate.swift; sourceTree = "<group>"; };
		C186A3E22122019F000628C9 /* UIImageView+load.swift */ = {isa = PBXFileReference; lastKnownFileType = sourcecode.swift; path = "UIImageView+load.swift"; sourceTree = "<group>"; };
		C186A3E4212201E5000628C9 /* UIView+anchor.swift */ = {isa = PBXFileReference; lastKnownFileType = sourcecode.swift; path = "UIView+anchor.swift"; sourceTree = "<group>"; };
		C186A3E621220CFE000628C9 /* APIClient.swift */ = {isa = PBXFileReference; lastKnownFileType = sourcecode.swift; path = APIClient.swift; sourceTree = "<group>"; };
		C186A3E821220D23000628C9 /* APIRouter.swift */ = {isa = PBXFileReference; lastKnownFileType = sourcecode.swift; path = APIRouter.swift; sourceTree = "<group>"; };
		C186A3EA21220D48000628C9 /* User.swift */ = {isa = PBXFileReference; lastKnownFileType = sourcecode.swift; path = User.swift; sourceTree = "<group>"; };
		C186A3EC21220F9C000628C9 /* constants.swift */ = {isa = PBXFileReference; lastKnownFileType = sourcecode.swift; path = constants.swift; sourceTree = "<group>"; };
		C19B1428214A178B00B2DAE6 /* SearchCategoryCell.swift */ = {isa = PBXFileReference; lastKnownFileType = sourcecode.swift; path = SearchCategoryCell.swift; sourceTree = "<group>"; };
		C19B142A214C885100B2DAE6 /* SearchViewFlowLayout.swift */ = {isa = PBXFileReference; lastKnownFileType = sourcecode.swift; path = SearchViewFlowLayout.swift; sourceTree = "<group>"; };
		C1BB07CB210A06450004EDE0 /* DetailViewController.swift */ = {isa = PBXFileReference; lastKnownFileType = sourcecode.swift; path = DetailViewController.swift; sourceTree = "<group>"; };
		C1BB07CD210BC5BD0004EDE0 /* HeaderView.swift */ = {isa = PBXFileReference; lastKnownFileType = sourcecode.swift; path = HeaderView.swift; sourceTree = "<group>"; };
		C1DC8D1C21291DF80080ACAF /* OnboardingViewController.swift */ = {isa = PBXFileReference; lastKnownFileType = sourcecode.swift; path = OnboardingViewController.swift; sourceTree = "<group>"; };
		C1DF4B5E2123BA9D00CAC0C1 /* HorizontalViewCellCell.swift */ = {isa = PBXFileReference; lastKnownFileType = sourcecode.swift; path = HorizontalViewCellCell.swift; sourceTree = "<group>"; };
		C1DF4B602124591700CAC0C1 /* UICollectionViewFlowLayout+snap.swift */ = {isa = PBXFileReference; lastKnownFileType = sourcecode.swift; path = "UICollectionViewFlowLayout+snap.swift"; sourceTree = "<group>"; };
		C1DF4B6221250C1800CAC0C1 /* PresentAnimator2.swift */ = {isa = PBXFileReference; lastKnownFileType = sourcecode.swift; path = PresentAnimator2.swift; sourceTree = "<group>"; };
		C1DF4B642125110100CAC0C1 /* DismissAnimator2.swift */ = {isa = PBXFileReference; lastKnownFileType = sourcecode.swift; path = DismissAnimator2.swift; sourceTree = "<group>"; };
		C1DF4B662125BD4E00CAC0C1 /* FilterViewDelegate.swift */ = {isa = PBXFileReference; lastKnownFileType = sourcecode.swift; path = FilterViewDelegate.swift; sourceTree = "<group>"; };
		C1DF4B682125DE6000CAC0C1 /* FilterDollarButton.swift */ = {isa = PBXFileReference; lastKnownFileType = sourcecode.swift; path = FilterDollarButton.swift; sourceTree = "<group>"; };
		C1E82267210CB8770078525C /* DetailCollectionViewCell.swift */ = {isa = PBXFileReference; lastKnownFileType = sourcecode.swift; path = DetailCollectionViewCell.swift; sourceTree = "<group>"; };
		C1E82269210CB89C0078525C /* DetailHeaderCollectionViewCell.swift */ = {isa = PBXFileReference; lastKnownFileType = sourcecode.swift; path = DetailHeaderCollectionViewCell.swift; sourceTree = "<group>"; };
		C1E8226B210CBC0A0078525C /* InfoViewController.swift */ = {isa = PBXFileReference; lastKnownFileType = sourcecode.swift; path = InfoViewController.swift; sourceTree = "<group>"; };
		C1E8226D210CBE1B0078525C /* InfoCollectionViewCell.swift */ = {isa = PBXFileReference; lastKnownFileType = sourcecode.swift; path = InfoCollectionViewCell.swift; sourceTree = "<group>"; };
		C1E8226F210CDE300078525C /* MenuCollectionViewCell.swift */ = {isa = PBXFileReference; lastKnownFileType = sourcecode.swift; path = MenuCollectionViewCell.swift; sourceTree = "<group>"; };
		C1E82271210D05270078525C /* Meal.swift */ = {isa = PBXFileReference; lastKnownFileType = sourcecode.swift; path = Meal.swift; sourceTree = "<group>"; };
		C1E82273210D33300078525C /* SectionHeaderView.swift */ = {isa = PBXFileReference; lastKnownFileType = sourcecode.swift; path = SectionHeaderView.swift; sourceTree = "<group>"; };
		C1E82275210D3CF30078525C /* SectionTitleIndexView.swift */ = {isa = PBXFileReference; lastKnownFileType = sourcecode.swift; path = SectionTitleIndexView.swift; sourceTree = "<group>"; };
		C1EBB0CA21065947007B68B2 /* FilterViewCell2.swift */ = {isa = PBXFileReference; lastKnownFileType = sourcecode.swift; path = FilterViewCell2.swift; sourceTree = "<group>"; };
		C1EBB0CC21065B93007B68B2 /* FilterViewCell3.swift */ = {isa = PBXFileReference; lastKnownFileType = sourcecode.swift; path = FilterViewCell3.swift; sourceTree = "<group>"; };
		C1EBB0D021074BB0007B68B2 /* LocationViewController.swift */ = {isa = PBXFileReference; lastKnownFileType = sourcecode.swift; name = LocationViewController.swift; path = UberEATS/Controllers/Home/Location/LocationViewController.swift; sourceTree = SOURCE_ROOT; };
		C1EBB0D22107AC75007B68B2 /* NewAddressCollectionViewCell.swift */ = {isa = PBXFileReference; lastKnownFileType = sourcecode.swift; name = NewAddressCollectionViewCell.swift; path = UberEATS/Views/NewAddressCollectionViewCell.swift; sourceTree = SOURCE_ROOT; };
		C1EBB0D42107ACAA007B68B2 /* AddressCollectionViewCell.swift */ = {isa = PBXFileReference; lastKnownFileType = sourcecode.swift; name = AddressCollectionViewCell.swift; path = UberEATS/Views/AddressCollectionViewCell.swift; sourceTree = SOURCE_ROOT; };
		C1EBB0D62107ACD1007B68B2 /* WhenCollectionViewCell.swift */ = {isa = PBXFileReference; lastKnownFileType = sourcecode.swift; name = WhenCollectionViewCell.swift; path = UberEATS/Views/WhenCollectionViewCell.swift; sourceTree = SOURCE_ROOT; };
		C1EBB0DC2108BF65007B68B2 /* NavAddressDelegate.swift */ = {isa = PBXFileReference; lastKnownFileType = sourcecode.swift; path = NavAddressDelegate.swift; sourceTree = "<group>"; };
		C1EBB0E02108CC74007B68B2 /* DataController.swift */ = {isa = PBXFileReference; lastKnownFileType = sourcecode.swift; path = DataController.swift; sourceTree = "<group>"; };
		C1EBB0E52108D5C9007B68B2 /* Business.swift */ = {isa = PBXFileReference; lastKnownFileType = sourcecode.swift; path = Business.swift; sourceTree = "<group>"; };
		C1EBB0E72108D679007B68B2 /* biz.json */ = {isa = PBXFileReference; lastKnownFileType = text.json; path = biz.json; sourceTree = "<group>"; };
		C1EBB0E92108D6D2007B68B2 /* bizDetail.json */ = {isa = PBXFileReference; lastKnownFileType = text.json; path = bizDetail.json; sourceTree = "<group>"; };
		EE32A0082142D41F0003D3F5 /* config.swift */ = {isa = PBXFileReference; fileEncoding = 4; lastKnownFileType = sourcecode.swift; path = config.swift; sourceTree = "<group>"; };
		F5B6DFD2CF6C55F62DCB40CF /* Pods-UberEATS.debug.xcconfig */ = {isa = PBXFileReference; includeInIndex = 1; lastKnownFileType = text.xcconfig; name = "Pods-UberEATS.debug.xcconfig"; path = "Pods/Target Support Files/Pods-UberEATS/Pods-UberEATS.debug.xcconfig"; sourceTree = "<group>"; };
/* End PBXFileReference section */

/* Begin PBXFrameworksBuildPhase section */
		A757EFFD1FCA2CD000240CC9 /* Frameworks */ = {
			isa = PBXFrameworksBuildPhase;
			buildActionMask = 2147483647;
			files = (
				C0BD8DA3626B16EA81CD4774 /* Pods_UberEATS.framework in Frameworks */,
			);
			runOnlyForDeploymentPostprocessing = 0;
		};
		A757F0141FCA2CD000240CC9 /* Frameworks */ = {
			isa = PBXFrameworksBuildPhase;
			buildActionMask = 2147483647;
			files = (
			);
			runOnlyForDeploymentPostprocessing = 0;
		};
		A757F01F1FCA2CD000240CC9 /* Frameworks */ = {
			isa = PBXFrameworksBuildPhase;
			buildActionMask = 2147483647;
			files = (
			);
			runOnlyForDeploymentPostprocessing = 0;
		};
/* End PBXFrameworksBuildPhase section */

/* Begin PBXGroup section */
		774CD65CB3DF773E8F49A846 /* Pods */ = {
			isa = PBXGroup;
			children = (
				F5B6DFD2CF6C55F62DCB40CF /* Pods-UberEATS.debug.xcconfig */,
				402756323808598191D41C43 /* Pods-UberEATS.release.xcconfig */,
			);
			name = Pods;
			sourceTree = "<group>";
		};
		A757EFF71FCA2CD000240CC9 = {
			isa = PBXGroup;
			children = (
				A757F0021FCA2CD000240CC9 /* UberEATS */,
				A757F01A1FCA2CD000240CC9 /* UberEATSTests */,
				A757F0251FCA2CD000240CC9 /* UberEATSUITests */,
				A757F0011FCA2CD000240CC9 /* Products */,
				774CD65CB3DF773E8F49A846 /* Pods */,
				D21FE29B4AEE1AA340BFD7D1 /* Frameworks */,
			);
			sourceTree = "<group>";
		};
		A757F0011FCA2CD000240CC9 /* Products */ = {
			isa = PBXGroup;
			children = (
				A757F0001FCA2CD000240CC9 /* UberEATS.app */,
				A757F0171FCA2CD000240CC9 /* UberEATSTests.xctest */,
				A757F0221FCA2CD000240CC9 /* UberEATSUITests.xctest */,
			);
			name = Products;
			sourceTree = "<group>";
		};
		A757F0021FCA2CD000240CC9 /* UberEATS */ = {
			isa = PBXGroup;
			children = (
				C186A3E12122017F000628C9 /* Utils */,
				C1283940210F4DBA008545F7 /* Design */,
				C128393E210EC392008545F7 /* Views */,
				C128393F210EC63C008545F7 /* Models */,
				A757F0341FCA2D7000240CC9 /* Controllers */,
				C1EBB0DF2108CC5C007B68B2 /* Data */,
				A757F0031FCA2CD000240CC9 /* AppDelegate.swift */,
				EE32A0082142D41F0003D3F5 /* config.swift */,
				C12839C42117EB06008545F7 /* Assets.xcassets */,
				A757F00F1FCA2CD000240CC9 /* LaunchScreen.storyboard */,
				A757F0121FCA2CD000240CC9 /* Info.plist */,
				A757F00A1FCA2CD000240CC9 /* UberEATS.xcdatamodeld */,
				C128394B210FA1E1008545F7 /* manifest.plist */,
			);
			path = UberEATS;
			sourceTree = "<group>";
		};
		A757F01A1FCA2CD000240CC9 /* UberEATSTests */ = {
			isa = PBXGroup;
			children = (
				A757F01B1FCA2CD000240CC9 /* UberEATSTests.swift */,
				A757F01D1FCA2CD000240CC9 /* Info.plist */,
			);
			path = UberEATSTests;
			sourceTree = "<group>";
		};
		A757F0251FCA2CD000240CC9 /* UberEATSUITests */ = {
			isa = PBXGroup;
			children = (
				A757F0261FCA2CD000240CC9 /* UberEATSUITests.swift */,
				A757F0281FCA2CD000240CC9 /* Info.plist */,
			);
			path = UberEATSUITests;
			sourceTree = "<group>";
		};
		A757F0341FCA2D7000240CC9 /* Controllers */ = {
			isa = PBXGroup;
			children = (
				C1DC8D1B21291DAC0080ACAF /* Onboarding */,
				A757F03F1FCA310800240CC9 /* Home */,
				A757F0421FCA311900240CC9 /* User */,
				A757F0411FCA311300240CC9 /* Search */,
				A757F0401FCA310D00240CC9 /* Order */,
				A757F0351FCA2D8500240CC9 /* TabBarController.swift */,
			);
			path = Controllers;
			sourceTree = "<group>";
		};
		A757F03F1FCA310800240CC9 /* Home */ = {
			isa = PBXGroup;
			children = (
				C12839BF21150D27008545F7 /* Cart */,
				C1BB07CA210A06310004EDE0 /* Detail */,
				C1EBB0DE2108CBEA007B68B2 /* Location */,
				A757F04B1FCA503700240CC9 /* Filter */,
				A757F0371FCA2DFC00240CC9 /* HomeViewController.swift */,
				A757F0451FCA318300240CC9 /* HomeViewCell.swift */,
				A757F0491FCA346C00240CC9 /* HorizontalViewCell.swift */,
				C1DF4B5E2123BA9D00CAC0C1 /* HorizontalViewCellCell.swift */,
			);
			path = Home;
			sourceTree = "<group>";
		};
		A757F0401FCA310D00240CC9 /* Order */ = {
			isa = PBXGroup;
			children = (
				A757F03D1FCA2ECE00240CC9 /* OrderViewController.swift */,
			);
			path = Order;
			sourceTree = "<group>";
		};
		A757F0411FCA311300240CC9 /* Search */ = {
			isa = PBXGroup;
			children = (
				A757F0391FCA2E3100240CC9 /* SearchViewController.swift */,
				C19B1428214A178B00B2DAE6 /* SearchCategoryCell.swift */,
				C19B142A214C885100B2DAE6 /* SearchViewFlowLayout.swift */,
			);
			path = Search;
			sourceTree = "<group>";
		};
		A757F0421FCA311900240CC9 /* User */ = {
			isa = PBXGroup;
			children = (
				A757F03B1FCA2E5C00240CC9 /* UserViewController.swift */,
			);
			path = User;
			sourceTree = "<group>";
		};
		A757F04B1FCA503700240CC9 /* Filter */ = {
			isa = PBXGroup;
			children = (
				A757F04D1FCA504E00240CC9 /* FilterViewController.swift */,
				C1DF4B662125BD4E00CAC0C1 /* FilterViewDelegate.swift */,
				A757F04F1FCCE72600240CC9 /* FilterViewMenu.swift */,
				A757F0511FCCE74500240CC9 /* FilterViewMenuDelegate.swift */,
				A757F05B1FD1141000240CC9 /* FilterViewCell1.swift */,
				C1EBB0CA21065947007B68B2 /* FilterViewCell2.swift */,
				C1EBB0CC21065B93007B68B2 /* FilterViewCell3.swift */,
				C1DF4B682125DE6000CAC0C1 /* FilterDollarButton.swift */,
			);
			path = Filter;
			sourceTree = "<group>";
		};
		C128393E210EC392008545F7 /* Views */ = {
			isa = PBXGroup;
			children = (
				C1E82267210CB8770078525C /* DetailCollectionViewCell.swift */,
				C1E82269210CB89C0078525C /* DetailHeaderCollectionViewCell.swift */,
				C1283949210F6045008545F7 /* InfoTableView.swift */,
				C1E8226D210CBE1B0078525C /* InfoCollectionViewCell.swift */,
				C1283947210F5FED008545F7 /* InfoMapView.swift */,
				C1283945210F5B5A008545F7 /* InfoTableViewHeader.swift */,
				C1283943210F5544008545F7 /* InfoTableViewCell.swift */,
				C1E82273210D33300078525C /* SectionHeaderView.swift */,
				C1E82275210D3CF30078525C /* SectionTitleIndexView.swift */,
				C1E8226F210CDE300078525C /* MenuCollectionViewCell.swift */,
				C1BB07CD210BC5BD0004EDE0 /* HeaderView.swift */,
				C1EBB0D22107AC75007B68B2 /* NewAddressCollectionViewCell.swift */,
				C1EBB0D42107ACAA007B68B2 /* AddressCollectionViewCell.swift */,
				C1EBB0D62107ACD1007B68B2 /* WhenCollectionViewCell.swift */,
			);
			path = Views;
			sourceTree = "<group>";
		};
		C128393F210EC63C008545F7 /* Models */ = {
			isa = PBXGroup;
			children = (
				C1EBB0E52108D5C9007B68B2 /* Business.swift */,
				C1E82271210D05270078525C /* Meal.swift */,
				C186A3EA21220D48000628C9 /* User.swift */,
			);
			path = Models;
			sourceTree = "<group>";
		};
		C1283940210F4DBA008545F7 /* Design */ = {
			isa = PBXGroup;
			children = (
				C1283941210F4DD6008545F7 /* SZButton.swift */,
				C128394D210FBCB7008545F7 /* SlideAnimator.swift */,
				C12839502110FCCA008545F7 /* SZAnimatedTransition.swift */,
				C12839B62113D2AE008545F7 /* InfoAnimatedTransition.swift */,
				C12839522111EE75008545F7 /* SZInteractor.swift */,
				C12839B82113FFDE008545F7 /* Interactor.swift */,
				C12839BA2114013A008545F7 /* DismissAnimator.swift */,
				C1DF4B642125110100CAC0C1 /* DismissAnimator2.swift */,
				C12839BC21140DF1008545F7 /* PresentAnimator.swift */,
				C1DF4B6221250C1800CAC0C1 /* PresentAnimator2.swift */,
			);
			path = Design;
			sourceTree = "<group>";
		};
		C12839BF21150D27008545F7 /* Cart */ = {
			isa = PBXGroup;
			children = (
				C12839C021150D41008545F7 /* CartViewController.swift */,
				C12839C221150EDE008545F7 /* MealViewController.swift */,
				C12839CC2118BD0C008545F7 /* MealItemTableViewCell.swift */,
				C12839C62118BC93008545F7 /* MealItemTitleCell.swift */,
				C12839C82118BCBA008545F7 /* MealItemQuantityCell.swift */,
				C12839CA2118BCE3008545F7 /* MealItemTableHeaderView.swift */,
			);
			path = Cart;
			sourceTree = "<group>";
		};
		C186A3E12122017F000628C9 /* Utils */ = {
			isa = PBXGroup;
			children = (
				C186A3E22122019F000628C9 /* UIImageView+load.swift */,
				C186A3E4212201E5000628C9 /* UIView+anchor.swift */,
				C1DF4B602124591700CAC0C1 /* UICollectionViewFlowLayout+snap.swift */,
			);
			path = Utils;
			sourceTree = "<group>";
		};
		C1BB07CA210A06310004EDE0 /* Detail */ = {
			isa = PBXGroup;
			children = (
				C1BB07CB210A06450004EDE0 /* DetailViewController.swift */,
				C127D3AB210D577F00DBC43C /* SectionTitleIndexController.swift */,
				C1E8226B210CBC0A0078525C /* InfoViewController.swift */,
			);
			path = Detail;
			sourceTree = "<group>";
		};
		C1DC8D1B21291DAC0080ACAF /* Onboarding */ = {
			isa = PBXGroup;
			children = (
				C1DC8D1C21291DF80080ACAF /* OnboardingViewController.swift */,
				C13B5C23212AFDA300E9C7D1 /* OnboardingDelegate.swift */,
			);
			path = Onboarding;
			sourceTree = "<group>";
		};
		C1EBB0DE2108CBEA007B68B2 /* Location */ = {
			isa = PBXGroup;
			children = (
				C1EBB0D021074BB0007B68B2 /* LocationViewController.swift */,
				C1EBB0DC2108BF65007B68B2 /* NavAddressDelegate.swift */,
			);
			path = Location;
			sourceTree = "<group>";
		};
		C1EBB0DF2108CC5C007B68B2 /* Data */ = {
			isa = PBXGroup;
			children = (
				C1EBB0E02108CC74007B68B2 /* DataController.swift */,
				C186A3E621220CFE000628C9 /* APIClient.swift */,
				C186A3E821220D23000628C9 /* APIRouter.swift */,
				C186A3EC21220F9C000628C9 /* constants.swift */,
				C1EBB0E92108D6D2007B68B2 /* bizDetail.json */,
				C1EBB0E72108D679007B68B2 /* biz.json */,
			);
			path = Data;
			sourceTree = "<group>";
		};
		D21FE29B4AEE1AA340BFD7D1 /* Frameworks */ = {
			isa = PBXGroup;
			children = (
				B6F37C18C7EF57F3875C6D27 /* Pods_UberEATS.framework */,
			);
			name = Frameworks;
			sourceTree = "<group>";
		};
/* End PBXGroup section */

/* Begin PBXNativeTarget section */
		A757EFFF1FCA2CD000240CC9 /* UberEATS */ = {
			isa = PBXNativeTarget;
			buildConfigurationList = A757F02B1FCA2CD000240CC9 /* Build configuration list for PBXNativeTarget "UberEATS" */;
			buildPhases = (
				08D7D1E3C0662FBAE3846A45 /* [CP] Check Pods Manifest.lock */,
				A757EFFC1FCA2CD000240CC9 /* Sources */,
				A757EFFD1FCA2CD000240CC9 /* Frameworks */,
				A757EFFE1FCA2CD000240CC9 /* Resources */,
				8877C18015F715A7D82B5B8F /* [CP] Copy Pods Resources */,
				C3723EAE140C2AFE359D328B /* [CP] Embed Pods Frameworks */,
				EE9D161F2142F73C009FE637 /* ShellScript */,
			);
			buildRules = (
			);
			dependencies = (
			);
			name = UberEATS;
			productName = UberEATS;
			productReference = A757F0001FCA2CD000240CC9 /* UberEATS.app */;
			productType = "com.apple.product-type.application";
		};
		A757F0161FCA2CD000240CC9 /* UberEATSTests */ = {
			isa = PBXNativeTarget;
			buildConfigurationList = A757F02E1FCA2CD000240CC9 /* Build configuration list for PBXNativeTarget "UberEATSTests" */;
			buildPhases = (
				A757F0131FCA2CD000240CC9 /* Sources */,
				A757F0141FCA2CD000240CC9 /* Frameworks */,
				A757F0151FCA2CD000240CC9 /* Resources */,
			);
			buildRules = (
			);
			dependencies = (
				A757F0191FCA2CD000240CC9 /* PBXTargetDependency */,
			);
			name = UberEATSTests;
			productName = UberEATSTests;
			productReference = A757F0171FCA2CD000240CC9 /* UberEATSTests.xctest */;
			productType = "com.apple.product-type.bundle.unit-test";
		};
		A757F0211FCA2CD000240CC9 /* UberEATSUITests */ = {
			isa = PBXNativeTarget;
			buildConfigurationList = A757F0311FCA2CD000240CC9 /* Build configuration list for PBXNativeTarget "UberEATSUITests" */;
			buildPhases = (
				A757F01E1FCA2CD000240CC9 /* Sources */,
				A757F01F1FCA2CD000240CC9 /* Frameworks */,
				A757F0201FCA2CD000240CC9 /* Resources */,
			);
			buildRules = (
			);
			dependencies = (
				A757F0241FCA2CD000240CC9 /* PBXTargetDependency */,
			);
			name = UberEATSUITests;
			productName = UberEATSUITests;
			productReference = A757F0221FCA2CD000240CC9 /* UberEATSUITests.xctest */;
			productType = "com.apple.product-type.bundle.ui-testing";
		};
/* End PBXNativeTarget section */

/* Begin PBXProject section */
		A757EFF81FCA2CD000240CC9 /* Project object */ = {
			isa = PBXProject;
			attributes = {
				LastSwiftUpdateCheck = 0910;
				LastUpgradeCheck = 0940;
				ORGANIZATIONNAME = "Sean Zhang";
				TargetAttributes = {
					A757EFFF1FCA2CD000240CC9 = {
						CreatedOnToolsVersion = 9.1;
						ProvisioningStyle = Automatic;
					};
					A757F0161FCA2CD000240CC9 = {
						CreatedOnToolsVersion = 9.1;
						ProvisioningStyle = Automatic;
						TestTargetID = A757EFFF1FCA2CD000240CC9;
					};
					A757F0211FCA2CD000240CC9 = {
						CreatedOnToolsVersion = 9.1;
						ProvisioningStyle = Automatic;
						TestTargetID = A757EFFF1FCA2CD000240CC9;
					};
				};
			};
			buildConfigurationList = A757EFFB1FCA2CD000240CC9 /* Build configuration list for PBXProject "UberEATS" */;
			compatibilityVersion = "Xcode 8.0";
			developmentRegion = en;
			hasScannedForEncodings = 0;
			knownRegions = (
				en,
				Base,
			);
			mainGroup = A757EFF71FCA2CD000240CC9;
			productRefGroup = A757F0011FCA2CD000240CC9 /* Products */;
			projectDirPath = "";
			projectRoot = "";
			targets = (
				A757EFFF1FCA2CD000240CC9 /* UberEATS */,
				A757F0161FCA2CD000240CC9 /* UberEATSTests */,
				A757F0211FCA2CD000240CC9 /* UberEATSUITests */,
			);
		};
/* End PBXProject section */

/* Begin PBXResourcesBuildPhase section */
		A757EFFE1FCA2CD000240CC9 /* Resources */ = {
			isa = PBXResourcesBuildPhase;
			buildActionMask = 2147483647;
			files = (
				A757F0111FCA2CD000240CC9 /* LaunchScreen.storyboard in Resources */,
				C128394C210FA1E1008545F7 /* manifest.plist in Resources */,
				C1EBB0EA2108D6D2007B68B2 /* bizDetail.json in Resources */,
				C1EBB0E82108D679007B68B2 /* biz.json in Resources */,
				C12839C52117EB06008545F7 /* Assets.xcassets in Resources */,
			);
			runOnlyForDeploymentPostprocessing = 0;
		};
		A757F0151FCA2CD000240CC9 /* Resources */ = {
			isa = PBXResourcesBuildPhase;
			buildActionMask = 2147483647;
			files = (
			);
			runOnlyForDeploymentPostprocessing = 0;
		};
		A757F0201FCA2CD000240CC9 /* Resources */ = {
			isa = PBXResourcesBuildPhase;
			buildActionMask = 2147483647;
			files = (
			);
			runOnlyForDeploymentPostprocessing = 0;
		};
/* End PBXResourcesBuildPhase section */

/* Begin PBXShellScriptBuildPhase section */
		08D7D1E3C0662FBAE3846A45 /* [CP] Check Pods Manifest.lock */ = {
			isa = PBXShellScriptBuildPhase;
			buildActionMask = 2147483647;
			files = (
			);
			inputPaths = (
				"${PODS_PODFILE_DIR_PATH}/Podfile.lock",
				"${PODS_ROOT}/Manifest.lock",
			);
			name = "[CP] Check Pods Manifest.lock";
			outputPaths = (
				"$(DERIVED_FILE_DIR)/Pods-UberEATS-checkManifestLockResult.txt",
			);
			runOnlyForDeploymentPostprocessing = 0;
			shellPath = /bin/sh;
			shellScript = "diff \"${PODS_PODFILE_DIR_PATH}/Podfile.lock\" \"${PODS_ROOT}/Manifest.lock\" > /dev/null\nif [ $? != 0 ] ; then\n    # print error to STDERR\n    echo \"error: The sandbox is not in sync with the Podfile.lock. Run 'pod install' or update your CocoaPods installation.\" >&2\n    exit 1\nfi\n# This output is used by Xcode 'outputs' to avoid re-running this script phase.\necho \"SUCCESS\" > \"${SCRIPT_OUTPUT_FILE_0}\"\n";
			showEnvVarsInLog = 0;
		};
		8877C18015F715A7D82B5B8F /* [CP] Copy Pods Resources */ = {
			isa = PBXShellScriptBuildPhase;
			buildActionMask = 2147483647;
			files = (
			);
			inputPaths = (
				"${SRCROOT}/Pods/Target Support Files/Pods-UberEATS/Pods-UberEATS-resources.sh",
				"${PODS_ROOT}/GoogleMaps/Maps/Frameworks/GoogleMaps.framework/Resources/GoogleMaps.bundle",
				"${PODS_ROOT}/GooglePlaces/Frameworks/GooglePlaces.framework/Resources/GooglePlaces.bundle",
			);
			name = "[CP] Copy Pods Resources";
			outputPaths = (
				"${TARGET_BUILD_DIR}/${UNLOCALIZED_RESOURCES_FOLDER_PATH}/GoogleMaps.bundle",
				"${TARGET_BUILD_DIR}/${UNLOCALIZED_RESOURCES_FOLDER_PATH}/GooglePlaces.bundle",
			);
			runOnlyForDeploymentPostprocessing = 0;
			shellPath = /bin/sh;
			shellScript = "\"${SRCROOT}/Pods/Target Support Files/Pods-UberEATS/Pods-UberEATS-resources.sh\"\n";
			showEnvVarsInLog = 0;
		};
		C3723EAE140C2AFE359D328B /* [CP] Embed Pods Frameworks */ = {
			isa = PBXShellScriptBuildPhase;
			buildActionMask = 2147483647;
			files = (
			);
			inputPaths = (
				"${SRCROOT}/Pods/Target Support Files/Pods-UberEATS/Pods-UberEATS-frameworks.sh",
				"${BUILT_PRODUCTS_DIR}/Alamofire/Alamofire.framework",
				"${BUILT_PRODUCTS_DIR}/SDWebImage/SDWebImage.framework",
				"${BUILT_PRODUCTS_DIR}/SwiftyJSON/SwiftyJSON.framework",
			);
			name = "[CP] Embed Pods Frameworks";
			outputPaths = (
				"${TARGET_BUILD_DIR}/${FRAMEWORKS_FOLDER_PATH}/Alamofire.framework",
				"${TARGET_BUILD_DIR}/${FRAMEWORKS_FOLDER_PATH}/SDWebImage.framework",
				"${TARGET_BUILD_DIR}/${FRAMEWORKS_FOLDER_PATH}/SwiftyJSON.framework",
			);
			runOnlyForDeploymentPostprocessing = 0;
			shellPath = /bin/sh;
			shellScript = "\"${SRCROOT}/Pods/Target Support Files/Pods-UberEATS/Pods-UberEATS-frameworks.sh\"\n";
			showEnvVarsInLog = 0;
		};
		EE9D161F2142F73C009FE637 /* ShellScript */ = {
			isa = PBXShellScriptBuildPhase;
			buildActionMask = 2147483647;
			files = (
			);
			inputPaths = (
			);
			outputPaths = (
			);
			runOnlyForDeploymentPostprocessing = 0;
			shellPath = /bin/sh;
			shellScript = "\"${PODS_ROOT}/Fabric/run\" beff3cae62910c9f00a3433d1b2dd3967aee038b d607c9c3b57643b434533f196e51f9736ab3b39c5f7a227702de1eba8ff4ab97";
		};
/* End PBXShellScriptBuildPhase section */

/* Begin PBXSourcesBuildPhase section */
		A757EFFC1FCA2CD000240CC9 /* Sources */ = {
			isa = PBXSourcesBuildPhase;
			buildActionMask = 2147483647;
			files = (
				C12839B72113D2AE008545F7 /* InfoAnimatedTransition.swift in Sources */,
				C186A3E921220D23000628C9 /* APIRouter.swift in Sources */,
				C1EBB0D121074BB0007B68B2 /* LocationViewController.swift in Sources */,
				EE32A0092142D41F0003D3F5 /* config.swift in Sources */,
				C1283944210F5544008545F7 /* InfoTableViewCell.swift in Sources */,
				C1E8226C210CBC0A0078525C /* InfoViewController.swift in Sources */,
				A757F03C1FCA2E5C00240CC9 /* UserViewController.swift in Sources */,
				C186A3E32122019F000628C9 /* UIImageView+load.swift in Sources */,
				C1E8226A210CB89C0078525C /* DetailHeaderCollectionViewCell.swift in Sources */,
				C12839B92113FFDE008545F7 /* Interactor.swift in Sources */,
				C12839CD2118BD0C008545F7 /* MealItemTableViewCell.swift in Sources */,
				A757F05C1FD1141000240CC9 /* FilterViewCell1.swift in Sources */,
				A757F03A1FCA2E3100240CC9 /* SearchViewController.swift in Sources */,
				C12839C321150EDE008545F7 /* MealViewController.swift in Sources */,
				C1E82268210CB8770078525C /* DetailCollectionViewCell.swift in Sources */,
				C1DF4B672125BD4E00CAC0C1 /* FilterViewDelegate.swift in Sources */,
				C1EBB0E12108CC74007B68B2 /* DataController.swift in Sources */,
				A757F03E1FCA2ECE00240CC9 /* OrderViewController.swift in Sources */,
				C12839C121150D41008545F7 /* CartViewController.swift in Sources */,
				C12839BB2114013A008545F7 /* DismissAnimator.swift in Sources */,
				C1BB07CC210A06450004EDE0 /* DetailViewController.swift in Sources */,
				C1EBB0D72107ACD1007B68B2 /* WhenCollectionViewCell.swift in Sources */,
				A757F0361FCA2D8500240CC9 /* TabBarController.swift in Sources */,
				C12839532111EE75008545F7 /* SZInteractor.swift in Sources */,
				C1DF4B652125110100CAC0C1 /* DismissAnimator2.swift in Sources */,
				A757F0501FCCE72600240CC9 /* FilterViewMenu.swift in Sources */,
				A757F04E1FCA504E00240CC9 /* FilterViewController.swift in Sources */,
				C1E82276210D3CF30078525C /* SectionTitleIndexView.swift in Sources */,
				C12839CB2118BCE3008545F7 /* MealItemTableHeaderView.swift in Sources */,
				C1EBB0DD2108BF65007B68B2 /* NavAddressDelegate.swift in Sources */,
				C1283946210F5B5A008545F7 /* InfoTableViewHeader.swift in Sources */,
				C1E8226E210CBE1B0078525C /* InfoCollectionViewCell.swift in Sources */,
				A757F0461FCA318300240CC9 /* HomeViewCell.swift in Sources */,
				C186A3E721220CFE000628C9 /* APIClient.swift in Sources */,
				C12839C92118BCBA008545F7 /* MealItemQuantityCell.swift in Sources */,
				A757F04A1FCA346C00240CC9 /* HorizontalViewCell.swift in Sources */,
				C1EBB0CD21065B93007B68B2 /* FilterViewCell3.swift in Sources */,
				C1283942210F4DD7008545F7 /* SZButton.swift in Sources */,
				C12839512110FCCA008545F7 /* SZAnimatedTransition.swift in Sources */,
				A757F0041FCA2CD000240CC9 /* AppDelegate.swift in Sources */,
				C186A3E5212201E5000628C9 /* UIView+anchor.swift in Sources */,
				C1EBB0D32107AC75007B68B2 /* NewAddressCollectionViewCell.swift in Sources */,
				C1EBB0D52107ACAA007B68B2 /* AddressCollectionViewCell.swift in Sources */,
				C186A3ED21220F9C000628C9 /* constants.swift in Sources */,
				C12839BD21140DF1008545F7 /* PresentAnimator.swift in Sources */,
				A757F0381FCA2DFC00240CC9 /* HomeViewController.swift in Sources */,
				C186A3EB21220D48000628C9 /* User.swift in Sources */,
				C1E82270210CDE300078525C /* MenuCollectionViewCell.swift in Sources */,
				C1BB07CE210BC5BD0004EDE0 /* HeaderView.swift in Sources */,
				C1E82272210D05270078525C /* Meal.swift in Sources */,
				C1E82274210D33300078525C /* SectionHeaderView.swift in Sources */,
				C1DF4B692125DE6000CAC0C1 /* FilterDollarButton.swift in Sources */,
				C1DC8D1D21291DF80080ACAF /* OnboardingViewController.swift in Sources */,
				C12839C72118BC93008545F7 /* MealItemTitleCell.swift in Sources */,
				C1EBB0E62108D5C9007B68B2 /* Business.swift in Sources */,
				C1DF4B5F2123BA9D00CAC0C1 /* HorizontalViewCellCell.swift in Sources */,
				C1DF4B612124591700CAC0C1 /* UICollectionViewFlowLayout+snap.swift in Sources */,
				C1EBB0CB21065947007B68B2 /* FilterViewCell2.swift in Sources */,
				C127D3AC210D577F00DBC43C /* SectionTitleIndexController.swift in Sources */,
				C128394A210F6045008545F7 /* InfoTableView.swift in Sources */,
				C19B1429214A178B00B2DAE6 /* SearchCategoryCell.swift in Sources */,
				C1283948210F5FED008545F7 /* InfoMapView.swift in Sources */,
				A757F00C1FCA2CD000240CC9 /* UberEATS.xcdatamodeld in Sources */,
				C1DF4B6321250C1800CAC0C1 /* PresentAnimator2.swift in Sources */,
				C19B142B214C885100B2DAE6 /* SearchViewFlowLayout.swift in Sources */,
				C128394E210FBCB7008545F7 /* SlideAnimator.swift in Sources */,
				A757F0521FCCE74500240CC9 /* FilterViewMenuDelegate.swift in Sources */,
				C13B5C24212AFDA300E9C7D1 /* OnboardingDelegate.swift in Sources */,
			);
			runOnlyForDeploymentPostprocessing = 0;
		};
		A757F0131FCA2CD000240CC9 /* Sources */ = {
			isa = PBXSourcesBuildPhase;
			buildActionMask = 2147483647;
			files = (
				A757F01C1FCA2CD000240CC9 /* UberEATSTests.swift in Sources */,
			);
			runOnlyForDeploymentPostprocessing = 0;
		};
		A757F01E1FCA2CD000240CC9 /* Sources */ = {
			isa = PBXSourcesBuildPhase;
			buildActionMask = 2147483647;
			files = (
				A757F0271FCA2CD000240CC9 /* UberEATSUITests.swift in Sources */,
			);
			runOnlyForDeploymentPostprocessing = 0;
		};
/* End PBXSourcesBuildPhase section */

/* Begin PBXTargetDependency section */
		A757F0191FCA2CD000240CC9 /* PBXTargetDependency */ = {
			isa = PBXTargetDependency;
			target = A757EFFF1FCA2CD000240CC9 /* UberEATS */;
			targetProxy = A757F0181FCA2CD000240CC9 /* PBXContainerItemProxy */;
		};
		A757F0241FCA2CD000240CC9 /* PBXTargetDependency */ = {
			isa = PBXTargetDependency;
			target = A757EFFF1FCA2CD000240CC9 /* UberEATS */;
			targetProxy = A757F0231FCA2CD000240CC9 /* PBXContainerItemProxy */;
		};
/* End PBXTargetDependency section */

/* Begin PBXVariantGroup section */
		A757F00F1FCA2CD000240CC9 /* LaunchScreen.storyboard */ = {
			isa = PBXVariantGroup;
			children = (
				A757F0101FCA2CD000240CC9 /* Base */,
			);
			name = LaunchScreen.storyboard;
			sourceTree = "<group>";
		};
/* End PBXVariantGroup section */

/* Begin XCBuildConfiguration section */
		A757F0291FCA2CD000240CC9 /* Debug */ = {
			isa = XCBuildConfiguration;
			buildSettings = {
				ALWAYS_SEARCH_USER_PATHS = NO;
				CLANG_ANALYZER_NONNULL = YES;
				CLANG_ANALYZER_NUMBER_OBJECT_CONVERSION = YES_AGGRESSIVE;
				CLANG_CXX_LANGUAGE_STANDARD = "gnu++14";
				CLANG_CXX_LIBRARY = "libc++";
				CLANG_ENABLE_MODULES = YES;
				CLANG_ENABLE_OBJC_ARC = YES;
				CLANG_WARN_BLOCK_CAPTURE_AUTORELEASING = YES;
				CLANG_WARN_BOOL_CONVERSION = YES;
				CLANG_WARN_COMMA = YES;
				CLANG_WARN_CONSTANT_CONVERSION = YES;
				CLANG_WARN_DEPRECATED_OBJC_IMPLEMENTATIONS = YES;
				CLANG_WARN_DIRECT_OBJC_ISA_USAGE = YES_ERROR;
				CLANG_WARN_DOCUMENTATION_COMMENTS = YES;
				CLANG_WARN_EMPTY_BODY = YES;
				CLANG_WARN_ENUM_CONVERSION = YES;
				CLANG_WARN_INFINITE_RECURSION = YES;
				CLANG_WARN_INT_CONVERSION = YES;
				CLANG_WARN_NON_LITERAL_NULL_CONVERSION = YES;
				CLANG_WARN_OBJC_IMPLICIT_RETAIN_SELF = YES;
				CLANG_WARN_OBJC_LITERAL_CONVERSION = YES;
				CLANG_WARN_OBJC_ROOT_CLASS = YES_ERROR;
				CLANG_WARN_RANGE_LOOP_ANALYSIS = YES;
				CLANG_WARN_STRICT_PROTOTYPES = YES;
				CLANG_WARN_SUSPICIOUS_MOVE = YES;
				CLANG_WARN_UNGUARDED_AVAILABILITY = YES_AGGRESSIVE;
				CLANG_WARN_UNREACHABLE_CODE = YES;
				CLANG_WARN__DUPLICATE_METHOD_MATCH = YES;
				CODE_SIGN_IDENTITY = "iPhone Developer";
				COPY_PHASE_STRIP = NO;
				DEBUG_INFORMATION_FORMAT = dwarf;
				ENABLE_STRICT_OBJC_MSGSEND = YES;
				ENABLE_TESTABILITY = YES;
				GCC_C_LANGUAGE_STANDARD = gnu11;
				GCC_DYNAMIC_NO_PIC = NO;
				GCC_NO_COMMON_BLOCKS = YES;
				GCC_OPTIMIZATION_LEVEL = 0;
				GCC_PREPROCESSOR_DEFINITIONS = (
					"DEBUG=1",
					"$(inherited)",
				);
				GCC_WARN_64_TO_32_BIT_CONVERSION = YES;
				GCC_WARN_ABOUT_RETURN_TYPE = YES_ERROR;
				GCC_WARN_UNDECLARED_SELECTOR = YES;
				GCC_WARN_UNINITIALIZED_AUTOS = YES_AGGRESSIVE;
				GCC_WARN_UNUSED_FUNCTION = YES;
				GCC_WARN_UNUSED_VARIABLE = YES;
				IPHONEOS_DEPLOYMENT_TARGET = 11.1;
				MTL_ENABLE_DEBUG_INFO = YES;
				ONLY_ACTIVE_ARCH = YES;
				SDKROOT = iphoneos;
				SWIFT_ACTIVE_COMPILATION_CONDITIONS = DEBUG;
				SWIFT_OPTIMIZATION_LEVEL = "-Onone";
			};
			name = Debug;
		};
		A757F02A1FCA2CD000240CC9 /* Release */ = {
			isa = XCBuildConfiguration;
			buildSettings = {
				ALWAYS_SEARCH_USER_PATHS = NO;
				CLANG_ANALYZER_NONNULL = YES;
				CLANG_ANALYZER_NUMBER_OBJECT_CONVERSION = YES_AGGRESSIVE;
				CLANG_CXX_LANGUAGE_STANDARD = "gnu++14";
				CLANG_CXX_LIBRARY = "libc++";
				CLANG_ENABLE_MODULES = YES;
				CLANG_ENABLE_OBJC_ARC = YES;
				CLANG_WARN_BLOCK_CAPTURE_AUTORELEASING = YES;
				CLANG_WARN_BOOL_CONVERSION = YES;
				CLANG_WARN_COMMA = YES;
				CLANG_WARN_CONSTANT_CONVERSION = YES;
				CLANG_WARN_DEPRECATED_OBJC_IMPLEMENTATIONS = YES;
				CLANG_WARN_DIRECT_OBJC_ISA_USAGE = YES_ERROR;
				CLANG_WARN_DOCUMENTATION_COMMENTS = YES;
				CLANG_WARN_EMPTY_BODY = YES;
				CLANG_WARN_ENUM_CONVERSION = YES;
				CLANG_WARN_INFINITE_RECURSION = YES;
				CLANG_WARN_INT_CONVERSION = YES;
				CLANG_WARN_NON_LITERAL_NULL_CONVERSION = YES;
				CLANG_WARN_OBJC_IMPLICIT_RETAIN_SELF = YES;
				CLANG_WARN_OBJC_LITERAL_CONVERSION = YES;
				CLANG_WARN_OBJC_ROOT_CLASS = YES_ERROR;
				CLANG_WARN_RANGE_LOOP_ANALYSIS = YES;
				CLANG_WARN_STRICT_PROTOTYPES = YES;
				CLANG_WARN_SUSPICIOUS_MOVE = YES;
				CLANG_WARN_UNGUARDED_AVAILABILITY = YES_AGGRESSIVE;
				CLANG_WARN_UNREACHABLE_CODE = YES;
				CLANG_WARN__DUPLICATE_METHOD_MATCH = YES;
				CODE_SIGN_IDENTITY = "iPhone Developer";
				COPY_PHASE_STRIP = NO;
				DEBUG_INFORMATION_FORMAT = "dwarf-with-dsym";
				ENABLE_NS_ASSERTIONS = NO;
				ENABLE_STRICT_OBJC_MSGSEND = YES;
				GCC_C_LANGUAGE_STANDARD = gnu11;
				GCC_NO_COMMON_BLOCKS = YES;
				GCC_WARN_64_TO_32_BIT_CONVERSION = YES;
				GCC_WARN_ABOUT_RETURN_TYPE = YES_ERROR;
				GCC_WARN_UNDECLARED_SELECTOR = YES;
				GCC_WARN_UNINITIALIZED_AUTOS = YES_AGGRESSIVE;
				GCC_WARN_UNUSED_FUNCTION = YES;
				GCC_WARN_UNUSED_VARIABLE = YES;
				IPHONEOS_DEPLOYMENT_TARGET = 11.1;
				MTL_ENABLE_DEBUG_INFO = NO;
				SDKROOT = iphoneos;
				SWIFT_OPTIMIZATION_LEVEL = "-Owholemodule";
				VALIDATE_PRODUCT = YES;
			};
			name = Release;
		};
		A757F02C1FCA2CD000240CC9 /* Debug */ = {
			isa = XCBuildConfiguration;
			baseConfigurationReference = F5B6DFD2CF6C55F62DCB40CF /* Pods-UberEATS.debug.xcconfig */;
			buildSettings = {
				ASSETCATALOG_COMPILER_APPICON_NAME = "AppIcon-1";
				CODE_SIGN_STYLE = Automatic;
				DEVELOPMENT_TEAM = U8ERE3KNHT;
				INFOPLIST_FILE = UberEATS/Info.plist;
				LD_RUNPATH_SEARCH_PATHS = "$(inherited) @executable_path/Frameworks";
				PRODUCT_BUNDLE_IDENTIFIER = sz7218.UberFish;
				PRODUCT_NAME = "$(TARGET_NAME)";
				SWIFT_VERSION = 4.0;
				TARGETED_DEVICE_FAMILY = 1;
			};
			name = Debug;
		};
		A757F02D1FCA2CD000240CC9 /* Release */ = {
			isa = XCBuildConfiguration;
			baseConfigurationReference = 402756323808598191D41C43 /* Pods-UberEATS.release.xcconfig */;
			buildSettings = {
				ASSETCATALOG_COMPILER_APPICON_NAME = "AppIcon-1";
				CODE_SIGN_STYLE = Automatic;
				DEVELOPMENT_TEAM = U8ERE3KNHT;
				INFOPLIST_FILE = UberEATS/Info.plist;
				LD_RUNPATH_SEARCH_PATHS = "$(inherited) @executable_path/Frameworks";
				PRODUCT_BUNDLE_IDENTIFIER = sz7218.UberFish;
				PRODUCT_NAME = "$(TARGET_NAME)";
				SWIFT_VERSION = 4.0;
				TARGETED_DEVICE_FAMILY = 1;
			};
			name = Release;
		};
		A757F02F1FCA2CD000240CC9 /* Debug */ = {
			isa = XCBuildConfiguration;
			buildSettings = {
				ALWAYS_EMBED_SWIFT_STANDARD_LIBRARIES = YES;
				BUNDLE_LOADER = "$(TEST_HOST)";
				CODE_SIGN_STYLE = Automatic;
				DEVELOPMENT_TEAM = GDTG5SQZRN;
				INFOPLIST_FILE = UberEATSTests/Info.plist;
				LD_RUNPATH_SEARCH_PATHS = "$(inherited) @executable_path/Frameworks @loader_path/Frameworks";
				PRODUCT_BUNDLE_IDENTIFIER = sz7218.UberEATSTests;
				PRODUCT_NAME = "$(TARGET_NAME)";
				SWIFT_VERSION = 4.0;
				TARGETED_DEVICE_FAMILY = "1,2";
				TEST_HOST = "$(BUILT_PRODUCTS_DIR)/UberEATS.app/UberEATS";
			};
			name = Debug;
		};
		A757F0301FCA2CD000240CC9 /* Release */ = {
			isa = XCBuildConfiguration;
			buildSettings = {
				ALWAYS_EMBED_SWIFT_STANDARD_LIBRARIES = YES;
				BUNDLE_LOADER = "$(TEST_HOST)";
				CODE_SIGN_STYLE = Automatic;
				DEVELOPMENT_TEAM = GDTG5SQZRN;
				INFOPLIST_FILE = UberEATSTests/Info.plist;
				LD_RUNPATH_SEARCH_PATHS = "$(inherited) @executable_path/Frameworks @loader_path/Frameworks";
				PRODUCT_BUNDLE_IDENTIFIER = sz7218.UberEATSTests;
				PRODUCT_NAME = "$(TARGET_NAME)";
				SWIFT_VERSION = 4.0;
				TARGETED_DEVICE_FAMILY = "1,2";
				TEST_HOST = "$(BUILT_PRODUCTS_DIR)/UberEATS.app/UberEATS";
			};
			name = Release;
		};
		A757F0321FCA2CD000240CC9 /* Debug */ = {
			isa = XCBuildConfiguration;
			buildSettings = {
				ALWAYS_EMBED_SWIFT_STANDARD_LIBRARIES = YES;
				CODE_SIGN_STYLE = Automatic;
				DEVELOPMENT_TEAM = GDTG5SQZRN;
				INFOPLIST_FILE = UberEATSUITests/Info.plist;
				LD_RUNPATH_SEARCH_PATHS = "$(inherited) @executable_path/Frameworks @loader_path/Frameworks";
				PRODUCT_BUNDLE_IDENTIFIER = sz7218.UberEATSUITests;
				PRODUCT_NAME = "$(TARGET_NAME)";
				SWIFT_VERSION = 4.0;
				TARGETED_DEVICE_FAMILY = "1,2";
				TEST_TARGET_NAME = UberEATS;
			};
			name = Debug;
		};
		A757F0331FCA2CD000240CC9 /* Release */ = {
			isa = XCBuildConfiguration;
			buildSettings = {
				ALWAYS_EMBED_SWIFT_STANDARD_LIBRARIES = YES;
				CODE_SIGN_STYLE = Automatic;
				DEVELOPMENT_TEAM = GDTG5SQZRN;
				INFOPLIST_FILE = UberEATSUITests/Info.plist;
				LD_RUNPATH_SEARCH_PATHS = "$(inherited) @executable_path/Frameworks @loader_path/Frameworks";
				PRODUCT_BUNDLE_IDENTIFIER = sz7218.UberEATSUITests;
				PRODUCT_NAME = "$(TARGET_NAME)";
				SWIFT_VERSION = 4.0;
				TARGETED_DEVICE_FAMILY = "1,2";
				TEST_TARGET_NAME = UberEATS;
			};
			name = Release;
		};
/* End XCBuildConfiguration section */

/* Begin XCConfigurationList section */
		A757EFFB1FCA2CD000240CC9 /* Build configuration list for PBXProject "UberEATS" */ = {
			isa = XCConfigurationList;
			buildConfigurations = (
				A757F0291FCA2CD000240CC9 /* Debug */,
				A757F02A1FCA2CD000240CC9 /* Release */,
			);
			defaultConfigurationIsVisible = 0;
			defaultConfigurationName = Release;
		};
		A757F02B1FCA2CD000240CC9 /* Build configuration list for PBXNativeTarget "UberEATS" */ = {
			isa = XCConfigurationList;
			buildConfigurations = (
				A757F02C1FCA2CD000240CC9 /* Debug */,
				A757F02D1FCA2CD000240CC9 /* Release */,
			);
			defaultConfigurationIsVisible = 0;
			defaultConfigurationName = Release;
		};
		A757F02E1FCA2CD000240CC9 /* Build configuration list for PBXNativeTarget "UberEATSTests" */ = {
			isa = XCConfigurationList;
			buildConfigurations = (
				A757F02F1FCA2CD000240CC9 /* Debug */,
				A757F0301FCA2CD000240CC9 /* Release */,
			);
			defaultConfigurationIsVisible = 0;
			defaultConfigurationName = Release;
		};
		A757F0311FCA2CD000240CC9 /* Build configuration list for PBXNativeTarget "UberEATSUITests" */ = {
			isa = XCConfigurationList;
			buildConfigurations = (
				A757F0321FCA2CD000240CC9 /* Debug */,
				A757F0331FCA2CD000240CC9 /* Release */,
			);
			defaultConfigurationIsVisible = 0;
			defaultConfigurationName = Release;
		};
/* End XCConfigurationList section */

/* Begin XCVersionGroup section */
		A757F00A1FCA2CD000240CC9 /* UberEATS.xcdatamodeld */ = {
			isa = XCVersionGroup;
			children = (
				A757F00B1FCA2CD000240CC9 /* UberEATS.xcdatamodel */,
			);
			currentVersion = A757F00B1FCA2CD000240CC9 /* UberEATS.xcdatamodel */;
			path = UberEATS.xcdatamodeld;
			sourceTree = "<group>";
			versionGroupType = wrapper.xcdatamodel;
		};
/* End XCVersionGroup section */
	};
	rootObject = A757EFF81FCA2CD000240CC9 /* Project object */;
}
